
Microsoft Visual Studio Solution File, Format Version 12.00
# Visual Studio Version 17
VisualStudioVersion = 17.7.34024.191
MinimumVisualStudioVersion = 10.0.40219.1
Project("{FAE04EC0-301F-11D3-BF4B-00C04F79EFBC}") = "HttpClientGetDomains", "HttpClientGetDomains\HttpClientGetDomains.csproj", "{FCFE8085-D563-434D-B053-B5DAA4DBBAD6}"
EndProject
Global
	GlobalSection(SolutionConfigurationPlatforms) = preSolution
		Debug|Any CPU = Debug|Any CPU
		Release|Any CPU = Release|Any CPU
	EndGlobalSection
	GlobalSection(ProjectConfigurationPlatforms) = postSolution
		{FCFE8085-D563-434D-B053-B5DAA4DBBAD6}.Debug|Any CPU.ActiveCfg = Debug|Any CPU
		{FCFE8085-D563-434D-B053-B5DAA4DBBAD6}.Debug|Any CPU.Build.0 = Debug|Any CPU
		{FCFE8085-D563-434D-B053-B5DAA4DBBAD6}.Release|Any CPU.ActiveCfg = Release|Any CPU
		{FCFE8085-D563-434D-B053-B5DAA4DBBAD6}.Release|Any CPU.Build.0 = Release|Any CPU
	EndGlobalSection
	GlobalSection(SolutionProperties) = preSolution
		HideSolutionNode = FALSE
	EndGlobalSection
	GlobalSection(ExtensibilityGlobals) = postSolution
		SolutionGuid = {174D05F2-6F7A-408C-B11C-0666DBC89D84}
	EndGlobalSection
EndGlobal
